// !$*UTF8*$!
{
	archiveVersion = 1;
	classes = {
	};
	objectVersion = 46;
	objects = {

/* Begin PBXBuildFile section */
		9246FD571EE2EBD90098A149 /* Common.m in Sources */ = {isa = PBXBuildFile; fileRef = 9246FD561EE2EBD90098A149 /* Common.m */; };
		92583E241EE1B1A600F358A6 /* ContentParser.m in Sources */ = {isa = PBXBuildFile; fileRef = 92583E231EE1B1A600F358A6 /* ContentParser.m */; };
		92743EDA1EDF4C3400DDC4CF /* FilmInfo.m in Sources */ = {isa = PBXBuildFile; fileRef = 92743ED91EDF4C3400DDC4CF /* FilmInfo.m */; };
		92DCACAD1EDC76BF005E2EE4 /* HTMLReader.framework in Frameworks */ = {isa = PBXBuildFile; fileRef = 92DCAC981EDC76A1005E2EE4 /* HTMLReader.framework */; };
		92EBA2881ED5B0350008280C /* main.m in Sources */ = {isa = PBXBuildFile; fileRef = 92EBA2871ED5B0350008280C /* main.m */; };
		92EBA28B1ED5B0350008280C /* AppDelegate.m in Sources */ = {isa = PBXBuildFile; fileRef = 92EBA28A1ED5B0350008280C /* AppDelegate.m */; };
		92EBA28E1ED5B0350008280C /* DetailViewController.m in Sources */ = {isa = PBXBuildFile; fileRef = 92EBA28D1ED5B0350008280C /* DetailViewController.m */; };
		92EBA2911ED5B0350008280C /* Main.storyboard in Resources */ = {isa = PBXBuildFile; fileRef = 92EBA28F1ED5B0350008280C /* Main.storyboard */; };
		92EBA2931ED5B0350008280C /* Assets.xcassets in Resources */ = {isa = PBXBuildFile; fileRef = 92EBA2921ED5B0350008280C /* Assets.xcassets */; };
		92EBA2961ED5B0350008280C /* LaunchScreen.storyboard in Resources */ = {isa = PBXBuildFile; fileRef = 92EBA2941ED5B0350008280C /* LaunchScreen.storyboard */; };
		92EBA2A11ED5B0360008280C /* RutrackerFilmsTests.m in Sources */ = {isa = PBXBuildFile; fileRef = 92EBA2A01ED5B0360008280C /* RutrackerFilmsTests.m */; };
		92EBA2AD1ED5BE670008280C /* MainTableViewController.m in Sources */ = {isa = PBXBuildFile; fileRef = 92EBA2AC1ED5BE660008280C /* MainTableViewController.m */; };
/* End PBXBuildFile section */

/* Begin PBXContainerItemProxy section */
		92DCAC971EDC76A1005E2EE4 /* PBXContainerItemProxy */ = {
			isa = PBXContainerItemProxy;
			containerPortal = 92DCAC891EDC76A1005E2EE4 /* HTMLReader.xcodeproj */;
			proxyType = 2;
			remoteGlobalIDString = 1C6C1F4C1A179BF600236076;
			remoteInfo = "HTMLReader iOS";
		};
		92DCAC991EDC76A1005E2EE4 /* PBXContainerItemProxy */ = {
			isa = PBXContainerItemProxy;
			containerPortal = 92DCAC891EDC76A1005E2EE4 /* HTMLReader.xcodeproj */;
			proxyType = 2;
			remoteGlobalIDString = 1C9C3ECA176BC53900E982C9;
			remoteInfo = "Tests on iOS";
		};
		92DCAC9B1EDC76A1005E2EE4 /* PBXContainerItemProxy */ = {
			isa = PBXContainerItemProxy;
			containerPortal = 92DCAC891EDC76A1005E2EE4 /* HTMLReader.xcodeproj */;
			proxyType = 2;
			remoteGlobalIDString = 1C88293B18369DD70051653C;
			remoteInfo = "HTMLReader OS X";
		};
		92DCAC9D1EDC76A1005E2EE4 /* PBXContainerItemProxy */ = {
			isa = PBXContainerItemProxy;
			containerPortal = 92DCAC891EDC76A1005E2EE4 /* HTMLReader.xcodeproj */;
			proxyType = 2;
			remoteGlobalIDString = 1C88295018369DD70051653C;
			remoteInfo = "Tests on OS X";
		};
		92DCAC9F1EDC76A1005E2EE4 /* PBXContainerItemProxy */ = {
			isa = PBXContainerItemProxy;
			containerPortal = 92DCAC891EDC76A1005E2EE4 /* HTMLReader.xcodeproj */;
			proxyType = 2;
			remoteGlobalIDString = 0D10776E1C1AC2DF00CF9B41;
			remoteInfo = "HTMLReader tvOS";
		};
		92DCACA11EDC76A1005E2EE4 /* PBXContainerItemProxy */ = {
			isa = PBXContainerItemProxy;
			containerPortal = 92DCAC891EDC76A1005E2EE4 /* HTMLReader.xcodeproj */;
			proxyType = 2;
			remoteGlobalIDString = 0D1077771C1AC2DF00CF9B41;
			remoteInfo = "Tests on tvOS";
		};
		92DCACA31EDC76A1005E2EE4 /* PBXContainerItemProxy */ = {
			isa = PBXContainerItemProxy;
			containerPortal = 92DCAC891EDC76A1005E2EE4 /* HTMLReader.xcodeproj */;
			proxyType = 2;
			remoteGlobalIDString = 1C319BC31C618863000DAA63;
			remoteInfo = "HTMLReader watchOS";
		};
		92DCACA51EDC76A1005E2EE4 /* PBXContainerItemProxy */ = {
			isa = PBXContainerItemProxy;
			containerPortal = 92DCAC891EDC76A1005E2EE4 /* HTMLReader.xcodeproj */;
			proxyType = 2;
			remoteGlobalIDString = 1CD5250918DC83E6003F46A3;
			remoteInfo = Benchmarker;
		};
		92DCACA71EDC76A1005E2EE4 /* PBXContainerItemProxy */ = {
			isa = PBXContainerItemProxy;
			containerPortal = 92DCAC891EDC76A1005E2EE4 /* HTMLReader.xcodeproj */;
			proxyType = 2;
			remoteGlobalIDString = 1C9513C91A80971100BB2CC9;
			remoteInfo = "Encoding Labeler";
		};
		92DCACA91EDC76A1005E2EE4 /* PBXContainerItemProxy */ = {
			isa = PBXContainerItemProxy;
			containerPortal = 92DCAC891EDC76A1005E2EE4 /* HTMLReader.xcodeproj */;
			proxyType = 2;
			remoteGlobalIDString = 1C9A2A071836FEAE0059FE17;
			remoteInfo = "Entity Fetcher";
		};
		92DCACAB1EDC76A1005E2EE4 /* PBXContainerItemProxy */ = {
			isa = PBXContainerItemProxy;
			containerPortal = 92DCAC891EDC76A1005E2EE4 /* HTMLReader.xcodeproj */;
			proxyType = 2;
			remoteGlobalIDString = 1C9C3EB9176BC53900E982C9;
			remoteInfo = "HTMLReader iOS Static Library";
		};
		92EBA29D1ED5B0360008280C /* PBXContainerItemProxy */ = {
			isa = PBXContainerItemProxy;
			containerPortal = 92EBA27B1ED5B0350008280C /* Project object */;
			proxyType = 1;
			remoteGlobalIDString = 92EBA2821ED5B0350008280C;
			remoteInfo = RutrackerFilms;
		};
/* End PBXContainerItemProxy section */

/* Begin PBXFileReference section */
		9246FD551EE2EBD90098A149 /* Common.h */ = {isa = PBXFileReference; fileEncoding = 4; lastKnownFileType = sourcecode.c.h; name = Common.h; path = ../Common.h; sourceTree = "<group>"; };
		9246FD561EE2EBD90098A149 /* Common.m */ = {isa = PBXFileReference; fileEncoding = 4; lastKnownFileType = sourcecode.c.objc; name = Common.m; path = ../Common.m; sourceTree = "<group>"; };
		92583E221EE1B1A600F358A6 /* ContentParser.h */ = {isa = PBXFileReference; fileEncoding = 4; lastKnownFileType = sourcecode.c.h; path = ContentParser.h; sourceTree = "<group>"; };
		92583E231EE1B1A600F358A6 /* ContentParser.m */ = {isa = PBXFileReference; fileEncoding = 4; lastKnownFileType = sourcecode.c.objc; path = ContentParser.m; sourceTree = "<group>"; };
		92743ED81EDF4C3400DDC4CF /* FilmInfo.h */ = {isa = PBXFileReference; fileEncoding = 4; lastKnownFileType = sourcecode.c.h; path = FilmInfo.h; sourceTree = "<group>"; };
		92743ED91EDF4C3400DDC4CF /* FilmInfo.m */ = {isa = PBXFileReference; fileEncoding = 4; lastKnownFileType = sourcecode.c.objc; path = FilmInfo.m; sourceTree = "<group>"; };
		92DCAC891EDC76A1005E2EE4 /* HTMLReader.xcodeproj */ = {isa = PBXFileReference; lastKnownFileType = "wrapper.pb-project"; name = HTMLReader.xcodeproj; path = HTMLReader/HTMLReader.xcodeproj; sourceTree = "<group>"; };
		92EBA2831ED5B0350008280C /* RutrackerFilms.app */ = {isa = PBXFileReference; explicitFileType = wrapper.application; includeInIndex = 0; path = RutrackerFilms.app; sourceTree = BUILT_PRODUCTS_DIR; };
		92EBA2871ED5B0350008280C /* main.m */ = {isa = PBXFileReference; lastKnownFileType = sourcecode.c.objc; path = main.m; sourceTree = "<group>"; };
		92EBA2891ED5B0350008280C /* AppDelegate.h */ = {isa = PBXFileReference; lastKnownFileType = sourcecode.c.h; path = AppDelegate.h; sourceTree = "<group>"; };
		92EBA28A1ED5B0350008280C /* AppDelegate.m */ = {isa = PBXFileReference; lastKnownFileType = sourcecode.c.objc; path = AppDelegate.m; sourceTree = "<group>"; };
		92EBA28C1ED5B0350008280C /* DetailViewController.h */ = {isa = PBXFileReference; lastKnownFileType = sourcecode.c.h; path = DetailViewController.h; sourceTree = "<group>"; };
		92EBA28D1ED5B0350008280C /* DetailViewController.m */ = {isa = PBXFileReference; lastKnownFileType = sourcecode.c.objc; path = DetailViewController.m; sourceTree = "<group>"; };
		92EBA2901ED5B0350008280C /* Base */ = {isa = PBXFileReference; lastKnownFileType = file.storyboard; name = Base; path = Base.lproj/Main.storyboard; sourceTree = "<group>"; };
		92EBA2921ED5B0350008280C /* Assets.xcassets */ = {isa = PBXFileReference; lastKnownFileType = folder.assetcatalog; path = Assets.xcassets; sourceTree = "<group>"; };
		92EBA2951ED5B0350008280C /* Base */ = {isa = PBXFileReference; lastKnownFileType = file.storyboard; name = Base; path = Base.lproj/LaunchScreen.storyboard; sourceTree = "<group>"; };
		92EBA2971ED5B0350008280C /* Info.plist */ = {isa = PBXFileReference; lastKnownFileType = text.plist.xml; path = Info.plist; sourceTree = "<group>"; };
		92EBA29C1ED5B0360008280C /* RutrackerFilmsTests.xctest */ = {isa = PBXFileReference; explicitFileType = wrapper.cfbundle; includeInIndex = 0; path = RutrackerFilmsTests.xctest; sourceTree = BUILT_PRODUCTS_DIR; };
		92EBA2A01ED5B0360008280C /* RutrackerFilmsTests.m */ = {isa = PBXFileReference; lastKnownFileType = sourcecode.c.objc; path = RutrackerFilmsTests.m; sourceTree = "<group>"; };
		92EBA2A21ED5B0360008280C /* Info.plist */ = {isa = PBXFileReference; lastKnownFileType = text.plist.xml; path = Info.plist; sourceTree = "<group>"; };
		92EBA2AB1ED5BE660008280C /* MainTableViewController.h */ = {isa = PBXFileReference; fileEncoding = 4; lastKnownFileType = sourcecode.c.h; path = MainTableViewController.h; sourceTree = "<group>"; };
		92EBA2AC1ED5BE660008280C /* MainTableViewController.m */ = {isa = PBXFileReference; fileEncoding = 4; lastKnownFileType = sourcecode.c.objc; path = MainTableViewController.m; sourceTree = "<group>"; };
/* End PBXFileReference section */

/* Begin PBXFrameworksBuildPhase section */
		92EBA2801ED5B0350008280C /* Frameworks */ = {
			isa = PBXFrameworksBuildPhase;
			buildActionMask = 2147483647;
			files = (
				92DCACAD1EDC76BF005E2EE4 /* HTMLReader.framework in Frameworks */,
			);
			runOnlyForDeploymentPostprocessing = 0;
		};
		92EBA2991ED5B0360008280C /* Frameworks */ = {
			isa = PBXFrameworksBuildPhase;
			buildActionMask = 2147483647;
			files = (
			);
			runOnlyForDeploymentPostprocessing = 0;
		};
/* End PBXFrameworksBuildPhase section */

/* Begin PBXGroup section */
		92DCAC8A1EDC76A1005E2EE4 /* Products */ = {
			isa = PBXGroup;
			children = (
				92DCAC981EDC76A1005E2EE4 /* HTMLReader.framework */,
				92DCAC9A1EDC76A1005E2EE4 /* Tests on iOS.xctest */,
				92DCAC9C1EDC76A1005E2EE4 /* HTMLReader.framework */,
				92DCAC9E1EDC76A1005E2EE4 /* Tests on OS X.xctest */,
				92DCACA01EDC76A1005E2EE4 /* HTMLReader.framework */,
				92DCACA21EDC76A1005E2EE4 /* Tests on tvOS.xctest */,
				92DCACA41EDC76A1005E2EE4 /* HTMLReader.framework */,
				92DCACA61EDC76A1005E2EE4 /* Benchmarker */,
				92DCACA81EDC76A1005E2EE4 /* Encoding Labeler */,
				92DCACAA1EDC76A1005E2EE4 /* Entity Fetcher */,
				92DCACAC1EDC76A1005E2EE4 /* libHTMLReader.a */,
			);
			name = Products;
			sourceTree = "<group>";
		};
		92EBA27A1ED5B0350008280C = {
			isa = PBXGroup;
			children = (
				92EBA2851ED5B0350008280C /* RutrackerFilms */,
				92EBA29F1ED5B0360008280C /* RutrackerFilmsTests */,
				92EBA2841ED5B0350008280C /* Products */,
			);
			sourceTree = "<group>";
		};
		92EBA2841ED5B0350008280C /* Products */ = {
			isa = PBXGroup;
			children = (
				92EBA2831ED5B0350008280C /* RutrackerFilms.app */,
				92EBA29C1ED5B0360008280C /* RutrackerFilmsTests.xctest */,
			);
			name = Products;
			sourceTree = "<group>";
		};
		92EBA2851ED5B0350008280C /* RutrackerFilms */ = {
			isa = PBXGroup;
			children = (
				9246FD551EE2EBD90098A149 /* Common.h */,
				9246FD561EE2EBD90098A149 /* Common.m */,
				92DCAC891EDC76A1005E2EE4 /* HTMLReader.xcodeproj */,
				92EBA2891ED5B0350008280C /* AppDelegate.h */,
				92EBA28A1ED5B0350008280C /* AppDelegate.m */,
				92EBA28C1ED5B0350008280C /* DetailViewController.h */,
				92EBA28D1ED5B0350008280C /* DetailViewController.m */,
				92EBA28F1ED5B0350008280C /* Main.storyboard */,
				92EBA2921ED5B0350008280C /* Assets.xcassets */,
				92EBA2941ED5B0350008280C /* LaunchScreen.storyboard */,
				92EBA2971ED5B0350008280C /* Info.plist */,
				92EBA2861ED5B0350008280C /* Supporting Files */,
				92EBA2AB1ED5BE660008280C /* MainTableViewController.h */,
				92EBA2AC1ED5BE660008280C /* MainTableViewController.m */,
				92743ED81EDF4C3400DDC4CF /* FilmInfo.h */,
				92743ED91EDF4C3400DDC4CF /* FilmInfo.m */,
				92583E221EE1B1A600F358A6 /* ContentParser.h */,
				92583E231EE1B1A600F358A6 /* ContentParser.m */,
			);
			path = RutrackerFilms;
			sourceTree = "<group>";
		};
		92EBA2861ED5B0350008280C /* Supporting Files */ = {
			isa = PBXGroup;
			children = (
				92EBA2871ED5B0350008280C /* main.m */,
			);
			name = "Supporting Files";
			sourceTree = "<group>";
		};
		92EBA29F1ED5B0360008280C /* RutrackerFilmsTests */ = {
			isa = PBXGroup;
			children = (
				92EBA2A01ED5B0360008280C /* RutrackerFilmsTests.m */,
				92EBA2A21ED5B0360008280C /* Info.plist */,
			);
			path = RutrackerFilmsTests;
			sourceTree = "<group>";
		};
/* End PBXGroup section */

/* Begin PBXNativeTarget section */
		92EBA2821ED5B0350008280C /* RutrackerFilms */ = {
			isa = PBXNativeTarget;
			buildConfigurationList = 92EBA2A51ED5B0360008280C /* Build configuration list for PBXNativeTarget "RutrackerFilms" */;
			buildPhases = (
				92EBA27F1ED5B0350008280C /* Sources */,
				92EBA2801ED5B0350008280C /* Frameworks */,
				92EBA2811ED5B0350008280C /* Resources */,
			);
			buildRules = (
			);
			dependencies = (
			);
			name = RutrackerFilms;
			productName = RutrackerFilms;
			productReference = 92EBA2831ED5B0350008280C /* RutrackerFilms.app */;
			productType = "com.apple.product-type.application";
		};
		92EBA29B1ED5B0360008280C /* RutrackerFilmsTests */ = {
			isa = PBXNativeTarget;
			buildConfigurationList = 92EBA2A81ED5B0360008280C /* Build configuration list for PBXNativeTarget "RutrackerFilmsTests" */;
			buildPhases = (
				92EBA2981ED5B0360008280C /* Sources */,
				92EBA2991ED5B0360008280C /* Frameworks */,
				92EBA29A1ED5B0360008280C /* Resources */,
			);
			buildRules = (
			);
			dependencies = (
				92EBA29E1ED5B0360008280C /* PBXTargetDependency */,
			);
			name = RutrackerFilmsTests;
			productName = RutrackerFilmsTests;
			productReference = 92EBA29C1ED5B0360008280C /* RutrackerFilmsTests.xctest */;
			productType = "com.apple.product-type.bundle.unit-test";
		};
/* End PBXNativeTarget section */

/* Begin PBXProject section */
		92EBA27B1ED5B0350008280C /* Project object */ = {
			isa = PBXProject;
			attributes = {
				LastUpgradeCheck = 0830;
				ORGANIZATIONNAME = uncorner;
				TargetAttributes = {
					92EBA2821ED5B0350008280C = {
						CreatedOnToolsVersion = 8.3.2;
						ProvisioningStyle = Automatic;
					};
					92EBA29B1ED5B0360008280C = {
						CreatedOnToolsVersion = 8.3.2;
						ProvisioningStyle = Automatic;
						TestTargetID = 92EBA2821ED5B0350008280C;
					};
				};
			};
			buildConfigurationList = 92EBA27E1ED5B0350008280C /* Build configuration list for PBXProject "RutrackerFilms" */;
			compatibilityVersion = "Xcode 3.2";
			developmentRegion = English;
			hasScannedForEncodings = 0;
			knownRegions = (
				en,
				Base,
			);
			mainGroup = 92EBA27A1ED5B0350008280C;
			productRefGroup = 92EBA2841ED5B0350008280C /* Products */;
			projectDirPath = "";
			projectReferences = (
				{
					ProductGroup = 92DCAC8A1EDC76A1005E2EE4 /* Products */;
					ProjectRef = 92DCAC891EDC76A1005E2EE4 /* HTMLReader.xcodeproj */;
				},
			);
			projectRoot = "";
			targets = (
				92EBA2821ED5B0350008280C /* RutrackerFilms */,
				92EBA29B1ED5B0360008280C /* RutrackerFilmsTests */,
			);
		};
/* End PBXProject section */

/* Begin PBXReferenceProxy section */
		92DCAC981EDC76A1005E2EE4 /* HTMLReader.framework */ = {
			isa = PBXReferenceProxy;
			fileType = wrapper.framework;
			path = HTMLReader.framework;
			remoteRef = 92DCAC971EDC76A1005E2EE4 /* PBXContainerItemProxy */;
			sourceTree = BUILT_PRODUCTS_DIR;
		};
		92DCAC9A1EDC76A1005E2EE4 /* Tests on iOS.xctest */ = {
			isa = PBXReferenceProxy;
			fileType = wrapper.cfbundle;
			path = "Tests on iOS.xctest";
			remoteRef = 92DCAC991EDC76A1005E2EE4 /* PBXContainerItemProxy */;
			sourceTree = BUILT_PRODUCTS_DIR;
		};
		92DCAC9C1EDC76A1005E2EE4 /* HTMLReader.framework */ = {
			isa = PBXReferenceProxy;
			fileType = wrapper.framework;
			path = HTMLReader.framework;
			remoteRef = 92DCAC9B1EDC76A1005E2EE4 /* PBXContainerItemProxy */;
			sourceTree = BUILT_PRODUCTS_DIR;
		};
		92DCAC9E1EDC76A1005E2EE4 /* Tests on OS X.xctest */ = {
			isa = PBXReferenceProxy;
			fileType = wrapper.cfbundle;
			path = "Tests on OS X.xctest";
			remoteRef = 92DCAC9D1EDC76A1005E2EE4 /* PBXContainerItemProxy */;
			sourceTree = BUILT_PRODUCTS_DIR;
		};
		92DCACA01EDC76A1005E2EE4 /* HTMLReader.framework */ = {
			isa = PBXReferenceProxy;
			fileType = wrapper.framework;
			path = HTMLReader.framework;
			remoteRef = 92DCAC9F1EDC76A1005E2EE4 /* PBXContainerItemProxy */;
			sourceTree = BUILT_PRODUCTS_DIR;
		};
		92DCACA21EDC76A1005E2EE4 /* Tests on tvOS.xctest */ = {
			isa = PBXReferenceProxy;
			fileType = wrapper.cfbundle;
			path = "Tests on tvOS.xctest";
			remoteRef = 92DCACA11EDC76A1005E2EE4 /* PBXContainerItemProxy */;
			sourceTree = BUILT_PRODUCTS_DIR;
		};
		92DCACA41EDC76A1005E2EE4 /* HTMLReader.framework */ = {
			isa = PBXReferenceProxy;
			fileType = wrapper.framework;
			path = HTMLReader.framework;
			remoteRef = 92DCACA31EDC76A1005E2EE4 /* PBXContainerItemProxy */;
			sourceTree = BUILT_PRODUCTS_DIR;
		};
		92DCACA61EDC76A1005E2EE4 /* Benchmarker */ = {
			isa = PBXReferenceProxy;
			fileType = "compiled.mach-o.executable";
			path = Benchmarker;
			remoteRef = 92DCACA51EDC76A1005E2EE4 /* PBXContainerItemProxy */;
			sourceTree = BUILT_PRODUCTS_DIR;
		};
		92DCACA81EDC76A1005E2EE4 /* Encoding Labeler */ = {
			isa = PBXReferenceProxy;
			fileType = "compiled.mach-o.executable";
			path = "Encoding Labeler";
			remoteRef = 92DCACA71EDC76A1005E2EE4 /* PBXContainerItemProxy */;
			sourceTree = BUILT_PRODUCTS_DIR;
		};
		92DCACAA1EDC76A1005E2EE4 /* Entity Fetcher */ = {
			isa = PBXReferenceProxy;
			fileType = "compiled.mach-o.executable";
			path = "Entity Fetcher";
			remoteRef = 92DCACA91EDC76A1005E2EE4 /* PBXContainerItemProxy */;
			sourceTree = BUILT_PRODUCTS_DIR;
		};
		92DCACAC1EDC76A1005E2EE4 /* libHTMLReader.a */ = {
			isa = PBXReferenceProxy;
			fileType = archive.ar;
			path = libHTMLReader.a;
			remoteRef = 92DCACAB1EDC76A1005E2EE4 /* PBXContainerItemProxy */;
			sourceTree = BUILT_PRODUCTS_DIR;
		};
/* End PBXReferenceProxy section */

/* Begin PBXResourcesBuildPhase section */
		92EBA2811ED5B0350008280C /* Resources */ = {
			isa = PBXResourcesBuildPhase;
			buildActionMask = 2147483647;
			files = (
				92EBA2961ED5B0350008280C /* LaunchScreen.storyboard in Resources */,
				92EBA2931ED5B0350008280C /* Assets.xcassets in Resources */,
				92EBA2911ED5B0350008280C /* Main.storyboard in Resources */,
			);
			runOnlyForDeploymentPostprocessing = 0;
		};
		92EBA29A1ED5B0360008280C /* Resources */ = {
			isa = PBXResourcesBuildPhase;
			buildActionMask = 2147483647;
			files = (
			);
			runOnlyForDeploymentPostprocessing = 0;
		};
/* End PBXResourcesBuildPhase section */

/* Begin PBXSourcesBuildPhase section */
		92EBA27F1ED5B0350008280C /* Sources */ = {
			isa = PBXSourcesBuildPhase;
			buildActionMask = 2147483647;
			files = (
				92743EDA1EDF4C3400DDC4CF /* FilmInfo.m in Sources */,
				92EBA2AD1ED5BE670008280C /* MainTableViewController.m in Sources */,
				92583E241EE1B1A600F358A6 /* ContentParser.m in Sources */,
				92EBA28E1ED5B0350008280C /* DetailViewController.m in Sources */,
				92EBA28B1ED5B0350008280C /* AppDelegate.m in Sources */,
				92EBA2881ED5B0350008280C /* main.m in Sources */,
				9246FD571EE2EBD90098A149 /* Common.m in Sources */,
			);
			runOnlyForDeploymentPostprocessing = 0;
		};
		92EBA2981ED5B0360008280C /* Sources */ = {
			isa = PBXSourcesBuildPhase;
			buildActionMask = 2147483647;
			files = (
				92EBA2A11ED5B0360008280C /* RutrackerFilmsTests.m in Sources */,
			);
			runOnlyForDeploymentPostprocessing = 0;
		};
/* End PBXSourcesBuildPhase section */

/* Begin PBXTargetDependency section */
		92EBA29E1ED5B0360008280C /* PBXTargetDependency */ = {
			isa = PBXTargetDependency;
			target = 92EBA2821ED5B0350008280C /* RutrackerFilms */;
			targetProxy = 92EBA29D1ED5B0360008280C /* PBXContainerItemProxy */;
		};
/* End PBXTargetDependency section */

/* Begin PBXVariantGroup section */
		92EBA28F1ED5B0350008280C /* Main.storyboard */ = {
			isa = PBXVariantGroup;
			children = (
				92EBA2901ED5B0350008280C /* Base */,
			);
			name = Main.storyboard;
			sourceTree = "<group>";
		};
		92EBA2941ED5B0350008280C /* LaunchScreen.storyboard */ = {
			isa = PBXVariantGroup;
			children = (
				92EBA2951ED5B0350008280C /* Base */,
			);
			name = LaunchScreen.storyboard;
			sourceTree = "<group>";
		};
/* End PBXVariantGroup section */

/* Begin XCBuildConfiguration section */
		92EBA2A31ED5B0360008280C /* Debug */ = {
			isa = XCBuildConfiguration;
			buildSettings = {
				ALWAYS_SEARCH_USER_PATHS = NO;
				CLANG_ANALYZER_NONNULL = YES;
				CLANG_ANALYZER_NUMBER_OBJECT_CONVERSION = YES_AGGRESSIVE;
				CLANG_CXX_LANGUAGE_STANDARD = "gnu++0x";
				CLANG_CXX_LIBRARY = "libc++";
				CLANG_ENABLE_MODULES = YES;
				CLANG_ENABLE_OBJC_ARC = YES;
				CLANG_WARN_BOOL_CONVERSION = YES;
				CLANG_WARN_CONSTANT_CONVERSION = YES;
				CLANG_WARN_DIRECT_OBJC_ISA_USAGE = YES_ERROR;
				CLANG_WARN_DOCUMENTATION_COMMENTS = YES;
				CLANG_WARN_EMPTY_BODY = YES;
				CLANG_WARN_ENUM_CONVERSION = YES;
				CLANG_WARN_INFINITE_RECURSION = YES;
				CLANG_WARN_INT_CONVERSION = YES;
				CLANG_WARN_OBJC_ROOT_CLASS = YES_ERROR;
				CLANG_WARN_SUSPICIOUS_MOVE = YES;
				CLANG_WARN_UNREACHABLE_CODE = YES;
				CLANG_WARN__DUPLICATE_METHOD_MATCH = YES;
				"CODE_SIGN_IDENTITY[sdk=iphoneos*]" = "iPhone Developer";
				COPY_PHASE_STRIP = NO;
				DEBUG_INFORMATION_FORMAT = dwarf;
				ENABLE_STRICT_OBJC_MSGSEND = YES;
				ENABLE_TESTABILITY = YES;
				GCC_C_LANGUAGE_STANDARD = gnu99;
				GCC_DYNAMIC_NO_PIC = NO;
				GCC_NO_COMMON_BLOCKS = YES;
				GCC_OPTIMIZATION_LEVEL = 0;
				GCC_PREPROCESSOR_DEFINITIONS = (
					"DEBUG=1",
					"$(inherited)",
				);
				GCC_WARN_64_TO_32_BIT_CONVERSION = YES;
				GCC_WARN_ABOUT_RETURN_TYPE = YES_ERROR;
				GCC_WARN_UNDECLARED_SELECTOR = YES;
				GCC_WARN_UNINITIALIZED_AUTOS = YES_AGGRESSIVE;
				GCC_WARN_UNUSED_FUNCTION = YES;
				GCC_WARN_UNUSED_VARIABLE = YES;
				IPHONEOS_DEPLOYMENT_TARGET = 10.3;
				MTL_ENABLE_DEBUG_INFO = YES;
				ONLY_ACTIVE_ARCH = YES;
				SDKROOT = iphoneos;
				TARGETED_DEVICE_FAMILY = "1,2";
			};
			name = Debug;
		};
		92EBA2A41ED5B0360008280C /* Release */ = {
			isa = XCBuildConfiguration;
			buildSettings = {
				ALWAYS_SEARCH_USER_PATHS = NO;
				CLANG_ANALYZER_NONNULL = YES;
				CLANG_ANALYZER_NUMBER_OBJECT_CONVERSION = YES_AGGRESSIVE;
				CLANG_CXX_LANGUAGE_STANDARD = "gnu++0x";
				CLANG_CXX_LIBRARY = "libc++";
				CLANG_ENABLE_MODULES = YES;
				CLANG_ENABLE_OBJC_ARC = YES;
				CLANG_WARN_BOOL_CONVERSION = YES;
				CLANG_WARN_CONSTANT_CONVERSION = YES;
				CLANG_WARN_DIRECT_OBJC_ISA_USAGE = YES_ERROR;
				CLANG_WARN_DOCUMENTATION_COMMENTS = YES;
				CLANG_WARN_EMPTY_BODY = YES;
				CLANG_WARN_ENUM_CONVERSION = YES;
				CLANG_WARN_INFINITE_RECURSION = YES;
				CLANG_WARN_INT_CONVERSION = YES;
				CLANG_WARN_OBJC_ROOT_CLASS = YES_ERROR;
				CLANG_WARN_SUSPICIOUS_MOVE = YES;
				CLANG_WARN_UNREACHABLE_CODE = YES;
				CLANG_WARN__DUPLICATE_METHOD_MATCH = YES;
				"CODE_SIGN_IDENTITY[sdk=iphoneos*]" = "iPhone Developer";
				COPY_PHASE_STRIP = NO;
				DEBUG_INFORMATION_FORMAT = "dwarf-with-dsym";
				ENABLE_NS_ASSERTIONS = NO;
				ENABLE_STRICT_OBJC_MSGSEND = YES;
				GCC_C_LANGUAGE_STANDARD = gnu99;
				GCC_NO_COMMON_BLOCKS = YES;
				GCC_WARN_64_TO_32_BIT_CONVERSION = YES;
				GCC_WARN_ABOUT_RETURN_TYPE = YES_ERROR;
				GCC_WARN_UNDECLARED_SELECTOR = YES;
				GCC_WARN_UNINITIALIZED_AUTOS = YES_AGGRESSIVE;
				GCC_WARN_UNUSED_FUNCTION = YES;
				GCC_WARN_UNUSED_VARIABLE = YES;
				IPHONEOS_DEPLOYMENT_TARGET = 10.3;
				MTL_ENABLE_DEBUG_INFO = NO;
				SDKROOT = iphoneos;
				TARGETED_DEVICE_FAMILY = "1,2";
				VALIDATE_PRODUCT = YES;
			};
			name = Release;
		};
		92EBA2A61ED5B0360008280C /* Debug */ = {
			isa = XCBuildConfiguration;
			buildSettings = {
				ASSETCATALOG_COMPILER_APPICON_NAME = AppIcon;
				INFOPLIST_FILE = RutrackerFilms/Info.plist;
				LD_RUNPATH_SEARCH_PATHS = "$(inherited) @executable_path/Frameworks";
				PRODUCT_BUNDLE_IDENTIFIER = uncorner.com.RutrackerFilms;
				PRODUCT_NAME = "$(TARGET_NAME)";
			};
			name = Debug;
		};
		92EBA2A71ED5B0360008280C /* Release */ = {
			isa = XCBuildConfiguration;
			buildSettings = {
				ASSETCATALOG_COMPILER_APPICON_NAME = AppIcon;
				INFOPLIST_FILE = RutrackerFilms/Info.plist;
				LD_RUNPATH_SEARCH_PATHS = "$(inherited) @executable_path/Frameworks";
				PRODUCT_BUNDLE_IDENTIFIER = uncorner.com.RutrackerFilms;
				PRODUCT_NAME = "$(TARGET_NAME)";
			};
			name = Release;
		};
		92EBA2A91ED5B0360008280C /* Debug */ = {
			isa = XCBuildConfiguration;
			buildSettings = {
				BUNDLE_LOADER = "$(TEST_HOST)";
				INFOPLIST_FILE = RutrackerFilmsTests/Info.plist;
				LD_RUNPATH_SEARCH_PATHS = "$(inherited) @executable_path/Frameworks @loader_path/Frameworks";
				PRODUCT_BUNDLE_IDENTIFIER = uncorner.com.RutrackerFilmsTests;
				PRODUCT_NAME = "$(TARGET_NAME)";
				TEST_HOST = "$(BUILT_PRODUCTS_DIR)/RutrackerFilms.app/RutrackerFilms";
			};
			name = Debug;
		};
		92EBA2AA1ED5B0360008280C /* Release */ = {
			isa = XCBuildConfiguration;
			buildSettings = {
				BUNDLE_LOADER = "$(TEST_HOST)";
				INFOPLIST_FILE = RutrackerFilmsTests/Info.plist;
				LD_RUNPATH_SEARCH_PATHS = "$(inherited) @executable_path/Frameworks @loader_path/Frameworks";
				PRODUCT_BUNDLE_IDENTIFIER = uncorner.com.RutrackerFilmsTests;
				PRODUCT_NAME = "$(TARGET_NAME)";
				TEST_HOST = "$(BUILT_PRODUCTS_DIR)/RutrackerFilms.app/RutrackerFilms";
			};
			name = Release;
		};
/* End XCBuildConfiguration section */

/* Begin XCConfigurationList section */
		92EBA27E1ED5B0350008280C /* Build configuration list for PBXProject "RutrackerFilms" */ = {
			isa = XCConfigurationList;
			buildConfigurations = (
				92EBA2A31ED5B0360008280C /* Debug */,
				92EBA2A41ED5B0360008280C /* Release */,
			);
			defaultConfigurationIsVisible = 0;
			defaultConfigurationName = Release;
		};
		92EBA2A51ED5B0360008280C /* Build configuration list for PBXNativeTarget "RutrackerFilms" */ = {
			isa = XCConfigurationList;
			buildConfigurations = (
				92EBA2A61ED5B0360008280C /* Debug */,
				92EBA2A71ED5B0360008280C /* Release */,
			);
			defaultConfigurationIsVisible = 0;
			defaultConfigurationName = Release;
		};
		92EBA2A81ED5B0360008280C /* Build configuration list for PBXNativeTarget "RutrackerFilmsTests" */ = {
			isa = XCConfigurationList;
			buildConfigurations = (
				92EBA2A91ED5B0360008280C /* Debug */,
				92EBA2AA1ED5B0360008280C /* Release */,
			);
			defaultConfigurationIsVisible = 0;
			defaultConfigurationName = Release;
		};
/* End XCConfigurationList section */
	};
	rootObject = 92EBA27B1ED5B0350008280C /* Project object */;
}
